
Microsoft Visual Studio Solution File, Format Version 12.00
# Visual Studio Version 17
VisualStudioVersion = 17.3.32708.82
MinimumVisualStudioVersion = 10.0.40219.1
Project("{FAE04EC0-301F-11D3-BF4B-00C04F79EFBC}") = "TournamentGenerator", "TournamentGenerator\TournamentGenerator.csproj", "{98EFF946-2FBD-40C4-9E0E-DB808542E487}"
EndProject
Global
	GlobalSection(SolutionConfigurationPlatforms) = preSolution
		Debug|Any CPU = Debug|Any CPU
		Release|Any CPU = Release|Any CPU
	EndGlobalSection
	GlobalSection(ProjectConfigurationPlatforms) = postSolution
		{98EFF946-2FBD-40C4-9E0E-DB808542E487}.Debug|Any CPU.ActiveCfg = Debug|Any CPU
		{98EFF946-2FBD-40C4-9E0E-DB808542E487}.Debug|Any CPU.Build.0 = Debug|Any CPU
		{98EFF946-2FBD-40C4-9E0E-DB808542E487}.Release|Any CPU.ActiveCfg = Release|Any CPU
		{98EFF946-2FBD-40C4-9E0E-DB808542E487}.Release|Any CPU.Build.0 = Release|Any CPU
	EndGlobalSection
	GlobalSection(SolutionProperties) = preSolution
		HideSolutionNode = FALSE
	EndGlobalSection
	GlobalSection(ExtensibilityGlobals) = postSolution
		SolutionGuid = {89BD18AE-8101-4A2E-BE81-E61395DC9BAB}
	EndGlobalSection
EndGlobal
